
Microsoft Visual Studio Solution File, Format Version 12.00
# Visual Studio Version 16
VisualStudioVersion = 16.0.29911.84
MinimumVisualStudioVersion = 10.0.40219.1
Project("{FAE04EC0-301F-11D3-BF4B-00C04F79EFBC}") = "R6Clicker", "R6Clicker.csproj", "{36258244-9088-4831-AAAF-79B7C37ACC28}"
EndProject
Global
	GlobalSection(SolutionConfigurationPlatforms) = preSolution
		Debug|Any CPU = Debug|Any CPU
		Release|Any CPU = Release|Any CPU
	EndGlobalSection
	GlobalSection(ProjectConfigurationPlatforms) = postSolution
		{36258244-9088-4831-AAAF-79B7C37ACC28}.Debug|Any CPU.ActiveCfg = Debug|Any CPU
		{36258244-9088-4831-AAAF-79B7C37ACC28}.Debug|Any CPU.Build.0 = Debug|Any CPU
		{36258244-9088-4831-AAAF-79B7C37ACC28}.Release|Any CPU.ActiveCfg = Release|Any CPU
		{36258244-9088-4831-AAAF-79B7C37ACC28}.Release|Any CPU.Build.0 = Release|Any CPU
	EndGlobalSection
	GlobalSection(SolutionProperties) = preSolution
		HideSolutionNode = FALSE
	EndGlobalSection
	GlobalSection(ExtensibilityGlobals) = postSolution
		SolutionGuid = {A6FFBD8F-8CFA-4F70-8A75-B87AE5EDC6D7}
	EndGlobalSection
EndGlobal
